
Microsoft Visual Studio Solution File, Format Version 11.00
# Visual Studio 2010
Project("{8BC9CEB8-8B4A-11D0-8D11-00A0C91BC942}") = "Assignment01", "Assignment01\Assignment01.vcxproj", "{409FB053-C066-46F5-8496-001508A1FE52}"
EndProject
Global
	GlobalSection(SolutionConfigurationPlatforms) = preSolution
		Debug|Win32 = Debug|Win32
		Release|Win32 = Release|Win32
	EndGlobalSection
	GlobalSection(ProjectConfigurationPlatforms) = postSolution
		{409FB053-C066-46F5-8496-001508A1FE52}.Debug|Win32.ActiveCfg = Debug|Win32
		{409FB053-C066-46F5-8496-001508A1FE52}.Debug|Win32.Build.0 = Debug|Win32
		{409FB053-C066-46F5-8496-001508A1FE52}.Release|Win32.ActiveCfg = Release|Win32
		{409FB053-C066-46F5-8496-001508A1FE52}.Release|Win32.Build.0 = Release|Win32
	EndGlobalSection
	GlobalSection(SolutionProperties) = preSolution
		HideSolutionNode = FALSE
	EndGlobalSection
EndGlobal
